
Microsoft Visual Studio Solution File, Format Version 12.00
# Visual Studio 15
VisualStudioVersion = 15.0.28307.852
MinimumVisualStudioVersion = 10.0.40219.1
Project("{FAE04EC0-301F-11D3-BF4B-00C04F79EFBC}") = "signalr", "signalr\signalr.csproj", "{38E8A7ED-38F8-4B1D-9BD8-EC83E66771AC}"
EndProject
Global
	GlobalSection(SolutionConfigurationPlatforms) = preSolution
		Debug|Any CPU = Debug|Any CPU
		Release|Any CPU = Release|Any CPU
	EndGlobalSection
	GlobalSection(ProjectConfigurationPlatforms) = postSolution
		{38E8A7ED-38F8-4B1D-9BD8-EC83E66771AC}.Debug|Any CPU.ActiveCfg = Debug|Any CPU
		{38E8A7ED-38F8-4B1D-9BD8-EC83E66771AC}.Debug|Any CPU.Build.0 = Debug|Any CPU
		{38E8A7ED-38F8-4B1D-9BD8-EC83E66771AC}.Release|Any CPU.ActiveCfg = Release|Any CPU
		{38E8A7ED-38F8-4B1D-9BD8-EC83E66771AC}.Release|Any CPU.Build.0 = Release|Any CPU
	EndGlobalSection
	GlobalSection(SolutionProperties) = preSolution
		HideSolutionNode = FALSE
	EndGlobalSection
	GlobalSection(ExtensibilityGlobals) = postSolution
		SolutionGuid = {6381CF3B-2232-4DA0-938B-B568D8B902BE}
	EndGlobalSection
EndGlobal
